
Microsoft Visual Studio Solution File, Format Version 12.00
# Visual Studio Version 16
VisualStudioVersion = 16.0.31729.503
MinimumVisualStudioVersion = 10.0.40219.1
Project("{FAE04EC0-301F-11D3-BF4B-00C04F79EFBC}") = "Naloga1", "Naloga1\Naloga1.csproj", "{745AF5BC-DC50-4C65-A386-1CF8A236ABFF}"
EndProject
Project("{FAE04EC0-301F-11D3-BF4B-00C04F79EFBC}") = "Naloga2", "Naloga2\Naloga2.csproj", "{C7597B51-D7AE-40CE-BE33-DE99BC00D61C}"
EndProject
Project("{FAE04EC0-301F-11D3-BF4B-00C04F79EFBC}") = "Naloga3", "Naloga3\Naloga3.csproj", "{95273E88-1B7D-4C20-B02E-CC52823FD203}"
EndProject
Global
	GlobalSection(SolutionConfigurationPlatforms) = preSolution
		Debug|Any CPU = Debug|Any CPU
		Release|Any CPU = Release|Any CPU
	EndGlobalSection
	GlobalSection(ProjectConfigurationPlatforms) = postSolution
		{745AF5BC-DC50-4C65-A386-1CF8A236ABFF}.Debug|Any CPU.ActiveCfg = Debug|Any CPU
		{745AF5BC-DC50-4C65-A386-1CF8A236ABFF}.Debug|Any CPU.Build.0 = Debug|Any CPU
		{745AF5BC-DC50-4C65-A386-1CF8A236ABFF}.Release|Any CPU.ActiveCfg = Release|Any CPU
		{745AF5BC-DC50-4C65-A386-1CF8A236ABFF}.Release|Any CPU.Build.0 = Release|Any CPU
		{C7597B51-D7AE-40CE-BE33-DE99BC00D61C}.Debug|Any CPU.ActiveCfg = Debug|Any CPU
		{C7597B51-D7AE-40CE-BE33-DE99BC00D61C}.Debug|Any CPU.Build.0 = Debug|Any CPU
		{C7597B51-D7AE-40CE-BE33-DE99BC00D61C}.Release|Any CPU.ActiveCfg = Release|Any CPU
		{C7597B51-D7AE-40CE-BE33-DE99BC00D61C}.Release|Any CPU.Build.0 = Release|Any CPU
		{95273E88-1B7D-4C20-B02E-CC52823FD203}.Debug|Any CPU.ActiveCfg = Debug|Any CPU
		{95273E88-1B7D-4C20-B02E-CC52823FD203}.Debug|Any CPU.Build.0 = Debug|Any CPU
		{95273E88-1B7D-4C20-B02E-CC52823FD203}.Release|Any CPU.ActiveCfg = Release|Any CPU
		{95273E88-1B7D-4C20-B02E-CC52823FD203}.Release|Any CPU.Build.0 = Release|Any CPU
	EndGlobalSection
	GlobalSection(SolutionProperties) = preSolution
		HideSolutionNode = FALSE
	EndGlobalSection
	GlobalSection(ExtensibilityGlobals) = postSolution
		SolutionGuid = {88440B10-C9CB-4CAC-B04A-256204804541}
	EndGlobalSection
EndGlobal
